
Microsoft Visual Studio Solution File, Format Version 12.00
# Visual Studio 14
VisualStudioVersion = 14.0.25420.1
MinimumVisualStudioVersion = 10.0.40219.1
Project("{FAE04EC0-301F-11D3-BF4B-00C04F79EFBC}") = "MvcPL", "MvcPL\MvcPL.csproj", "{6CB85D63-B862-4C1C-B436-FCF8BF632E16}"
EndProject
Project("{FAE04EC0-301F-11D3-BF4B-00C04F79EFBC}") = "ORM", "ORM\ORM.csproj", "{0B026F94-C1DA-4112-9D43-0FCD943A9143}"
EndProject
Project("{FAE04EC0-301F-11D3-BF4B-00C04F79EFBC}") = "DependencyResolver", "DependencyResolver\DependencyResolver.csproj", "{46A4FF9A-EF70-4901-83CA-CE9BE2F33FC2}"
EndProject
Project("{FAE04EC0-301F-11D3-BF4B-00C04F79EFBC}") = "LoggerInterfaces", "LoggerInterfaces\LoggerInterfaces.csproj", "{5C43959D-8739-48AD-9E74-7DFA40D09C10}"
EndProject
Global
	GlobalSection(SolutionConfigurationPlatforms) = preSolution
		Debug|Any CPU = Debug|Any CPU
		Release|Any CPU = Release|Any CPU
	EndGlobalSection
	GlobalSection(ProjectConfigurationPlatforms) = postSolution
		{6CB85D63-B862-4C1C-B436-FCF8BF632E16}.Debug|Any CPU.ActiveCfg = Debug|Any CPU
		{6CB85D63-B862-4C1C-B436-FCF8BF632E16}.Debug|Any CPU.Build.0 = Debug|Any CPU
		{6CB85D63-B862-4C1C-B436-FCF8BF632E16}.Release|Any CPU.ActiveCfg = Release|Any CPU
		{6CB85D63-B862-4C1C-B436-FCF8BF632E16}.Release|Any CPU.Build.0 = Release|Any CPU
		{0B026F94-C1DA-4112-9D43-0FCD943A9143}.Debug|Any CPU.ActiveCfg = Debug|Any CPU
		{0B026F94-C1DA-4112-9D43-0FCD943A9143}.Debug|Any CPU.Build.0 = Debug|Any CPU
		{0B026F94-C1DA-4112-9D43-0FCD943A9143}.Release|Any CPU.ActiveCfg = Release|Any CPU
		{0B026F94-C1DA-4112-9D43-0FCD943A9143}.Release|Any CPU.Build.0 = Release|Any CPU
		{46A4FF9A-EF70-4901-83CA-CE9BE2F33FC2}.Debug|Any CPU.ActiveCfg = Debug|Any CPU
		{46A4FF9A-EF70-4901-83CA-CE9BE2F33FC2}.Debug|Any CPU.Build.0 = Debug|Any CPU
		{46A4FF9A-EF70-4901-83CA-CE9BE2F33FC2}.Release|Any CPU.ActiveCfg = Release|Any CPU
		{46A4FF9A-EF70-4901-83CA-CE9BE2F33FC2}.Release|Any CPU.Build.0 = Release|Any CPU
		{5C43959D-8739-48AD-9E74-7DFA40D09C10}.Debug|Any CPU.ActiveCfg = Debug|Any CPU
		{5C43959D-8739-48AD-9E74-7DFA40D09C10}.Debug|Any CPU.Build.0 = Debug|Any CPU
		{5C43959D-8739-48AD-9E74-7DFA40D09C10}.Release|Any CPU.ActiveCfg = Release|Any CPU
		{5C43959D-8739-48AD-9E74-7DFA40D09C10}.Release|Any CPU.Build.0 = Release|Any CPU
	EndGlobalSection
	GlobalSection(SolutionProperties) = preSolution
		HideSolutionNode = FALSE
	EndGlobalSection
EndGlobal
