
Microsoft Visual Studio Solution File, Format Version 12.00
# Visual Studio 14
VisualStudioVersion = 14.0.25420.1
MinimumVisualStudioVersion = 10.0.40219.1
Project("{FAE04EC0-301F-11D3-BF4B-00C04F79EFBC}") = "MvcPL", "MvcPL\MvcPL.csproj", "{6CB85D63-B862-4C1C-B436-FCF8BF632E16}"
EndProject
Project("{FAE04EC0-301F-11D3-BF4B-00C04F79EFBC}") = "ORM", "ORM\ORM.csproj", "{0B026F94-C1DA-4112-9D43-0FCD943A9143}"
EndProject
Project("{FAE04EC0-301F-11D3-BF4B-00C04F79EFBC}") = "DependencyResolver", "DependencyResolver\DependencyResolver.csproj", "{46A4FF9A-EF70-4901-83CA-CE9BE2F33FC2}"
EndProject
Project("{FAE04EC0-301F-11D3-BF4B-00C04F79EFBC}") = "Logger.Interfaces", "Logger.Interfaces\Logger.Interfaces.csproj", "{F193829E-F10A-42F9-A516-9077669CE14A}"
EndProject
Project("{FAE04EC0-301F-11D3-BF4B-00C04F79EFBC}") = "Logger.Concrete", "Logger.Concrete\Logger.Concrete.csproj", "{A0F88CAD-E81A-4266-A42A-CD621D3AE4CE}"
EndProject
Project("{FAE04EC0-301F-11D3-BF4B-00C04F79EFBC}") = "DAL.Interfaces", "DAL.Interfaces\DAL.Interfaces.csproj", "{6B3B647A-37B2-432B-AF5D-5247F294A310}"
EndProject
Project("{FAE04EC0-301F-11D3-BF4B-00C04F79EFBC}") = "DAL.Concrete", "DAL.Concrete\DAL.Concrete.csproj", "{1FE57E1B-07F2-4DF6-9160-55459A11680E}"
EndProject
Project("{FAE04EC0-301F-11D3-BF4B-00C04F79EFBC}") = "DAL.UTests", "DAL.UTests\DAL.UTests.csproj", "{A3278DA9-917F-4816-A1D1-6F79ECE86F4A}"
EndProject
Global
	GlobalSection(SolutionConfigurationPlatforms) = preSolution
		Debug|Any CPU = Debug|Any CPU
		Release|Any CPU = Release|Any CPU
	EndGlobalSection
	GlobalSection(ProjectConfigurationPlatforms) = postSolution
		{6CB85D63-B862-4C1C-B436-FCF8BF632E16}.Debug|Any CPU.ActiveCfg = Debug|Any CPU
		{6CB85D63-B862-4C1C-B436-FCF8BF632E16}.Debug|Any CPU.Build.0 = Debug|Any CPU
		{6CB85D63-B862-4C1C-B436-FCF8BF632E16}.Release|Any CPU.ActiveCfg = Release|Any CPU
		{6CB85D63-B862-4C1C-B436-FCF8BF632E16}.Release|Any CPU.Build.0 = Release|Any CPU
		{0B026F94-C1DA-4112-9D43-0FCD943A9143}.Debug|Any CPU.ActiveCfg = Debug|Any CPU
		{0B026F94-C1DA-4112-9D43-0FCD943A9143}.Debug|Any CPU.Build.0 = Debug|Any CPU
		{0B026F94-C1DA-4112-9D43-0FCD943A9143}.Release|Any CPU.ActiveCfg = Release|Any CPU
		{0B026F94-C1DA-4112-9D43-0FCD943A9143}.Release|Any CPU.Build.0 = Release|Any CPU
		{46A4FF9A-EF70-4901-83CA-CE9BE2F33FC2}.Debug|Any CPU.ActiveCfg = Debug|Any CPU
		{46A4FF9A-EF70-4901-83CA-CE9BE2F33FC2}.Debug|Any CPU.Build.0 = Debug|Any CPU
		{46A4FF9A-EF70-4901-83CA-CE9BE2F33FC2}.Release|Any CPU.ActiveCfg = Release|Any CPU
		{46A4FF9A-EF70-4901-83CA-CE9BE2F33FC2}.Release|Any CPU.Build.0 = Release|Any CPU
		{F193829E-F10A-42F9-A516-9077669CE14A}.Debug|Any CPU.ActiveCfg = Debug|Any CPU
		{F193829E-F10A-42F9-A516-9077669CE14A}.Debug|Any CPU.Build.0 = Debug|Any CPU
		{F193829E-F10A-42F9-A516-9077669CE14A}.Release|Any CPU.ActiveCfg = Release|Any CPU
		{F193829E-F10A-42F9-A516-9077669CE14A}.Release|Any CPU.Build.0 = Release|Any CPU
		{A0F88CAD-E81A-4266-A42A-CD621D3AE4CE}.Debug|Any CPU.ActiveCfg = Debug|Any CPU
		{A0F88CAD-E81A-4266-A42A-CD621D3AE4CE}.Debug|Any CPU.Build.0 = Debug|Any CPU
		{A0F88CAD-E81A-4266-A42A-CD621D3AE4CE}.Release|Any CPU.ActiveCfg = Release|Any CPU
		{A0F88CAD-E81A-4266-A42A-CD621D3AE4CE}.Release|Any CPU.Build.0 = Release|Any CPU
		{6B3B647A-37B2-432B-AF5D-5247F294A310}.Debug|Any CPU.ActiveCfg = Debug|Any CPU
		{6B3B647A-37B2-432B-AF5D-5247F294A310}.Debug|Any CPU.Build.0 = Debug|Any CPU
		{6B3B647A-37B2-432B-AF5D-5247F294A310}.Release|Any CPU.ActiveCfg = Release|Any CPU
		{6B3B647A-37B2-432B-AF5D-5247F294A310}.Release|Any CPU.Build.0 = Release|Any CPU
		{1FE57E1B-07F2-4DF6-9160-55459A11680E}.Debug|Any CPU.ActiveCfg = Debug|Any CPU
		{1FE57E1B-07F2-4DF6-9160-55459A11680E}.Debug|Any CPU.Build.0 = Debug|Any CPU
		{1FE57E1B-07F2-4DF6-9160-55459A11680E}.Release|Any CPU.ActiveCfg = Release|Any CPU
		{1FE57E1B-07F2-4DF6-9160-55459A11680E}.Release|Any CPU.Build.0 = Release|Any CPU
		{A3278DA9-917F-4816-A1D1-6F79ECE86F4A}.Debug|Any CPU.ActiveCfg = Debug|Any CPU
		{A3278DA9-917F-4816-A1D1-6F79ECE86F4A}.Debug|Any CPU.Build.0 = Debug|Any CPU
		{A3278DA9-917F-4816-A1D1-6F79ECE86F4A}.Release|Any CPU.ActiveCfg = Release|Any CPU
		{A3278DA9-917F-4816-A1D1-6F79ECE86F4A}.Release|Any CPU.Build.0 = Release|Any CPU
	EndGlobalSection
	GlobalSection(SolutionProperties) = preSolution
		HideSolutionNode = FALSE
	EndGlobalSection
EndGlobal
